#MicroXplorer Configuration settings - do not modify
ADC2.Channel-1\#ChannelRegularConversion=ADC_CHANNEL_9
ADC2.IPParameters=Rank-1\#ChannelRegularConversion,Channel-1\#ChannelRegularConversion,SamplingTime-1\#ChannelRegularConversion,OffsetNumber-1\#ChannelRegularConversion,NbrOfConversionFlag
ADC2.NbrOfConversionFlag=1
ADC2.OffsetNumber-1\#ChannelRegularConversion=ADC_OFFSET_NONE
ADC2.Rank-1\#ChannelRegularConversion=1
ADC2.SamplingTime-1\#ChannelRegularConversion=ADC_SAMPLETIME_2CYCLES_5
Dma.Request0=TIM1_CH1
Dma.Request1=TIM1_CH4/TRIG/COM
Dma.Request2=TIM1_CH2
Dma.Request3=TIM1_CH3
Dma.RequestsNb=4
Dma.TIM1_CH1.0.Direction=DMA_MEMORY_TO_PERIPH
Dma.TIM1_CH1.0.Instance=DMA1_Channel2
Dma.TIM1_CH1.0.MemDataAlignment=DMA_MDATAALIGN_HALFWORD
Dma.TIM1_CH1.0.MemInc=DMA_MINC_ENABLE
Dma.TIM1_CH1.0.Mode=DMA_CIRCULAR
Dma.TIM1_CH1.0.PeriphDataAlignment=DMA_PDATAALIGN_HALFWORD
Dma.TIM1_CH1.0.PeriphInc=DMA_PINC_DISABLE
Dma.TIM1_CH1.0.Priority=DMA_PRIORITY_LOW
Dma.TIM1_CH1.0.RequestParameters=Instance,Direction,PeriphInc,MemInc,PeriphDataAlignment,MemDataAlignment,Mode,Priority
Dma.TIM1_CH2.2.Direction=DMA_MEMORY_TO_PERIPH
Dma.TIM1_CH2.2.Instance=DMA1_Channel3
Dma.TIM1_CH2.2.MemDataAlignment=DMA_MDATAALIGN_HALFWORD
Dma.TIM1_CH2.2.MemInc=DMA_MINC_ENABLE
Dma.TIM1_CH2.2.Mode=DMA_CIRCULAR
Dma.TIM1_CH2.2.PeriphDataAlignment=DMA_PDATAALIGN_HALFWORD
Dma.TIM1_CH2.2.PeriphInc=DMA_PINC_DISABLE
Dma.TIM1_CH2.2.Priority=DMA_PRIORITY_LOW
Dma.TIM1_CH2.2.RequestParameters=Instance,Direction,PeriphInc,MemInc,PeriphDataAlignment,MemDataAlignment,Mode,Priority
Dma.TIM1_CH3.3.Direction=DMA_MEMORY_TO_PERIPH
Dma.TIM1_CH3.3.Instance=DMA1_Channel7
Dma.TIM1_CH3.3.MemDataAlignment=DMA_MDATAALIGN_HALFWORD
Dma.TIM1_CH3.3.MemInc=DMA_MINC_ENABLE
Dma.TIM1_CH3.3.Mode=DMA_CIRCULAR
Dma.TIM1_CH3.3.PeriphDataAlignment=DMA_PDATAALIGN_HALFWORD
Dma.TIM1_CH3.3.PeriphInc=DMA_PINC_DISABLE
Dma.TIM1_CH3.3.Priority=DMA_PRIORITY_LOW
Dma.TIM1_CH3.3.RequestParameters=Instance,Direction,PeriphInc,MemInc,PeriphDataAlignment,MemDataAlignment,Mode,Priority
Dma.TIM1_CH4/TRIG/COM.1.Direction=DMA_MEMORY_TO_PERIPH
Dma.TIM1_CH4/TRIG/COM.1.Instance=DMA1_Channel4
Dma.TIM1_CH4/TRIG/COM.1.MemDataAlignment=DMA_MDATAALIGN_HALFWORD
Dma.TIM1_CH4/TRIG/COM.1.MemInc=DMA_MINC_ENABLE
Dma.TIM1_CH4/TRIG/COM.1.Mode=DMA_CIRCULAR
Dma.TIM1_CH4/TRIG/COM.1.PeriphDataAlignment=DMA_PDATAALIGN_HALFWORD
Dma.TIM1_CH4/TRIG/COM.1.PeriphInc=DMA_PINC_DISABLE
Dma.TIM1_CH4/TRIG/COM.1.Priority=DMA_PRIORITY_LOW
Dma.TIM1_CH4/TRIG/COM.1.RequestParameters=Instance,Direction,PeriphInc,MemInc,PeriphDataAlignment,MemDataAlignment,Mode,Priority
File.Version=6
GPIO.groupedBy=Group By Peripherals
I2C1.IPParameters=Timing
I2C1.Timing=0x00909BEB
KeepUserPlacement=false
Mcu.CPN=STM32L412RBT6
Mcu.Family=STM32L4
Mcu.IP0=ADC2
Mcu.IP1=DMA
Mcu.IP2=I2C1
Mcu.IP3=NVIC
Mcu.IP4=RCC
Mcu.IP5=SYS
Mcu.IP6=TIM1
Mcu.IP7=TIM2
Mcu.IP8=USART1
Mcu.IP9=USART3
Mcu.IPNb=10
Mcu.Name=STM32L412RBTx
Mcu.Package=LQFP64
Mcu.Pin0=PC14-OSC32_IN (PC14)
Mcu.Pin1=PC15-OSC32_OUT (PC15)
Mcu.Pin10=PA4
Mcu.Pin11=PA6
Mcu.Pin12=PB11
Mcu.Pin13=PB13
Mcu.Pin14=PB14
Mcu.Pin15=PB15
Mcu.Pin16=PA8
Mcu.Pin17=PA9
Mcu.Pin18=PA10
Mcu.Pin19=PA11
Mcu.Pin2=PH0-OSC_IN (PH0)
Mcu.Pin20=PA13 (JTMS/SWDIO)
Mcu.Pin21=PA14 (JTCK/SWCLK)
Mcu.Pin22=PC10
Mcu.Pin23=PC11
Mcu.Pin24=PB3 (JTDO/TRACESWO)
Mcu.Pin25=PB6
Mcu.Pin26=PB7
Mcu.Pin27=PB8
Mcu.Pin28=PB9
Mcu.Pin29=VP_SYS_VS_Systick
Mcu.Pin3=PH1-OSC_OUT (PH1)
Mcu.Pin30=VP_TIM1_VS_ClockSourceINT
Mcu.Pin31=VP_TIM2_VS_ClockSourceINT
Mcu.Pin4=PC0
Mcu.Pin5=PC1
Mcu.Pin6=PA0
Mcu.Pin7=PA1
Mcu.Pin8=PA2
Mcu.Pin9=PA3
Mcu.PinsNb=32
Mcu.ThirdPartyNb=0
Mcu.UserConstants=
Mcu.UserName=STM32L412RBTx
MxCube.Version=6.6.1
MxDb.Version=DB.6.0.60
NVIC.BusFault_IRQn=true\:0\:0\:false\:false\:true\:false\:false\:false
NVIC.DMA1_Channel2_IRQn=true\:0\:0\:false\:false\:true\:false\:true\:true
NVIC.DMA1_Channel3_IRQn=true\:0\:0\:false\:false\:true\:false\:true\:true
NVIC.DMA1_Channel4_IRQn=true\:0\:0\:false\:false\:true\:false\:true\:true
NVIC.DMA1_Channel7_IRQn=true\:0\:0\:false\:false\:true\:false\:true\:true
NVIC.DebugMonitor_IRQn=true\:0\:0\:false\:false\:true\:false\:false\:false
NVIC.ForceEnableDMAVector=true
NVIC.HardFault_IRQn=true\:0\:0\:false\:false\:true\:false\:false\:false
NVIC.MemoryManagement_IRQn=true\:0\:0\:false\:false\:true\:false\:false\:false
NVIC.NonMaskableInt_IRQn=true\:0\:0\:false\:false\:true\:false\:false\:false
NVIC.PendSV_IRQn=true\:0\:0\:false\:false\:true\:false\:false\:false
NVIC.PriorityGroup=NVIC_PRIORITYGROUP_4
NVIC.SVCall_IRQn=true\:0\:0\:false\:false\:true\:false\:false\:false
NVIC.SysTick_IRQn=true\:15\:0\:false\:false\:true\:false\:true\:false
NVIC.USART1_IRQn=true\:0\:0\:false\:false\:true\:true\:true\:true
NVIC.UsageFault_IRQn=true\:0\:0\:false\:false\:true\:false\:false\:false
PA0.Locked=true
PA0.Signal=GPIO_Output
PA1.Locked=true
PA1.Signal=GPIO_Output
PA10.GPIOParameters=GPIO_Speed,GPIO_PuPd
PA10.GPIO_PuPd=GPIO_PULLUP
PA10.GPIO_Speed=GPIO_SPEED_FREQ_VERY_HIGH
PA10.Locked=true
PA10.Signal=S_TIM1_CH3
PA11.GPIOParameters=GPIO_Speed,GPIO_PuPd
PA11.GPIO_PuPd=GPIO_PULLUP
PA11.GPIO_Speed=GPIO_SPEED_FREQ_VERY_HIGH
PA11.Signal=S_TIM1_CH4
PA13\ (JTMS/SWDIO).Locked=true
PA13\ (JTMS/SWDIO).Signal=SYS_JTMS-SWDIO
PA14\ (JTCK/SWCLK).Locked=true
PA14\ (JTCK/SWCLK).Signal=SYS_JTCK-SWCLK
PA2.Locked=true
PA2.Signal=GPIO_Output
PA3.Locked=true
PA3.Signal=GPIO_Output
PA4.Locked=true
PA4.Signal=ADCx_IN9
PA6.Locked=true
PA6.Signal=GPIO_Output
PA8.GPIOParameters=GPIO_Speed,GPIO_PuPd
PA8.GPIO_PuPd=GPIO_PULLUP
PA8.GPIO_Speed=GPIO_SPEED_FREQ_VERY_HIGH
PA8.Signal=S_TIM1_CH1
PA9.GPIOParameters=GPIO_Speed,GPIO_PuPd
PA9.GPIO_PuPd=GPIO_PULLUP
PA9.GPIO_Speed=GPIO_SPEED_FREQ_VERY_HIGH
PA9.Locked=true
PA9.Signal=S_TIM1_CH2
PB11.Locked=true
PB11.Signal=GPIO_Output
PB13.Locked=true
PB13.Signal=GPIO_Output
PB14.Locked=true
PB14.Signal=GPIO_Output
PB15.Locked=true
PB15.Signal=GPIO_Output
PB3\ (JTDO/TRACESWO).Locked=true
PB3\ (JTDO/TRACESWO).Signal=SYS_JTDO-SWO
PB6.Mode=Asynchronous
PB6.Signal=USART1_TX
PB7.Mode=Asynchronous
PB7.Signal=USART1_RX
PB8.Mode=I2C
PB8.Signal=I2C1_SCL
PB9.Mode=I2C
PB9.Signal=I2C1_SDA
PC0.Locked=true
PC0.Signal=GPIO_Output
PC1.Locked=true
PC1.Signal=GPIO_Output
PC10.Locked=true
PC10.Mode=Asynchronous
PC10.Signal=USART3_TX
PC11.Locked=true
PC11.Mode=Asynchronous
PC11.Signal=USART3_RX
PC14-OSC32_IN\ (PC14).Mode=LSE-External-Oscillator
PC14-OSC32_IN\ (PC14).Signal=RCC_OSC32_IN
PC15-OSC32_OUT\ (PC15).Mode=LSE-External-Oscillator
PC15-OSC32_OUT\ (PC15).Signal=RCC_OSC32_OUT
PH0-OSC_IN\ (PH0).Mode=HSE-External-Oscillator
PH0-OSC_IN\ (PH0).Signal=RCC_OSC_IN
PH1-OSC_OUT\ (PH1).Mode=HSE-External-Oscillator
PH1-OSC_OUT\ (PH1).Signal=RCC_OSC_OUT
PinOutPanel.RotationAngle=0
ProjectManager.AskForMigrate=true
ProjectManager.BackupPrevious=true
ProjectManager.CompilerOptimize=6
ProjectManager.ComputerToolchain=false
ProjectManager.CoupleFile=true
ProjectManager.CustomerFirmwarePackage=
ProjectManager.DefaultFWLocation=true
ProjectManager.DeletePrevious=true
ProjectManager.DeviceId=STM32L412RBTx
ProjectManager.FirmwarePackage=STM32Cube FW_L4 V1.17.2
ProjectManager.FreePins=false
ProjectManager.HalAssertFull=false
ProjectManager.HeapSize=0x200
ProjectManager.KeepUserCode=true
ProjectManager.LastFirmware=true
ProjectManager.LibraryCopy=0
ProjectManager.MainLocation=Core/Src
ProjectManager.NoMain=false
ProjectManager.PreviousToolchain=
ProjectManager.ProjectBuild=false
ProjectManager.ProjectFileName=LED_driver_CUBE.ioc
ProjectManager.ProjectName=LED_driver_CUBE
ProjectManager.RegisterCallBack=
ProjectManager.StackSize=0x800
ProjectManager.TargetToolchain=MDK-ARM V5.32
ProjectManager.ToolChainLocation=
ProjectManager.UnderRoot=false
ProjectManager.functionlistsort=1-SystemClock_Config-RCC-false-HAL-false,2-MX_GPIO_Init-GPIO-false-HAL-true,3-MX_DMA_Init-DMA-false-HAL-true,4-MX_I2C1_Init-I2C1-false-HAL-true,5-MX_TIM1_Init-TIM1-false-HAL-true,6-MX_TIM2_Init-TIM2-false-HAL-true,7-MX_USART1_UART_Init-USART1-false-HAL-true,8-MX_USART3_UART_Init-USART3-false-HAL-true,9-MX_ADC2_Init-ADC2-false-HAL-true
RCC.ADCFreq_Value=80000000
RCC.AHBFreq_Value=80000000
RCC.APB1CLKDivider=RCC_HCLK_DIV2
RCC.APB1Freq_Value=40000000
RCC.APB1TimFreq_Value=80000000
RCC.APB2CLKDivider=RCC_HCLK_DIV2
RCC.APB2Freq_Value=40000000
RCC.APB2TimFreq_Value=80000000
RCC.CRSFreq_Value=48000000
RCC.CortexFreq_Value=80000000
RCC.FCLKCortexFreq_Value=80000000
RCC.FamilyName=M
RCC.HCLKFreq_Value=80000000
RCC.HSE_VALUE=8000000
RCC.HSI48_VALUE=48000000
RCC.HSI_VALUE=16000000
RCC.I2C1Freq_Value=40000000
RCC.I2C2Freq_Value=40000000
RCC.I2C3Freq_Value=40000000
RCC.IPParameters=ADCFreq_Value,AHBFreq_Value,APB1CLKDivider,APB1Freq_Value,APB1TimFreq_Value,APB2CLKDivider,APB2Freq_Value,APB2TimFreq_Value,CRSFreq_Value,CortexFreq_Value,FCLKCortexFreq_Value,FamilyName,HCLKFreq_Value,HSE_VALUE,HSI48_VALUE,HSI_VALUE,I2C1Freq_Value,I2C2Freq_Value,I2C3Freq_Value,LPTIM1Freq_Value,LPTIM2Freq_Value,LPUART1Freq_Value,LSCOPinFreq_Value,LSI_VALUE,MCO1PinFreq_Value,MSI_VALUE,PLLN,PLLQoutputFreq_Value,PLLRCLKFreq_Value,PWRFreq_Value,RNGFreq_Value,SYSCLKFreq_VALUE,SYSCLKSource,USART1Freq_Value,USART2Freq_Value,USART3Freq_Value,USBFreq_Value,VCOInputFreq_Value,VCOOutputFreq_Value
RCC.LPTIM1Freq_Value=40000000
RCC.LPTIM2Freq_Value=40000000
RCC.LPUART1Freq_Value=40000000
RCC.LSCOPinFreq_Value=32000
RCC.LSI_VALUE=32000
RCC.MCO1PinFreq_Value=80000000
RCC.MSI_VALUE=4000000
RCC.PLLN=40
RCC.PLLQoutputFreq_Value=80000000
RCC.PLLRCLKFreq_Value=80000000
RCC.PWRFreq_Value=80000000
RCC.RNGFreq_Value=4000000
RCC.SYSCLKFreq_VALUE=80000000
RCC.SYSCLKSource=RCC_SYSCLKSOURCE_PLLCLK
RCC.USART1Freq_Value=40000000
RCC.USART2Freq_Value=40000000
RCC.USART3Freq_Value=40000000
RCC.USBFreq_Value=4000000
RCC.VCOInputFreq_Value=4000000
RCC.VCOOutputFreq_Value=160000000
SH.ADCx_IN9.0=ADC2_IN9,IN9-Single-Ended
SH.ADCx_IN9.ConfNb=1
SH.S_TIM1_CH1.0=TIM1_CH1,PWM Generation1 CH1
SH.S_TIM1_CH1.ConfNb=1
SH.S_TIM1_CH2.0=TIM1_CH2,PWM Generation2 CH2
SH.S_TIM1_CH2.ConfNb=1
SH.S_TIM1_CH3.0=TIM1_CH3,PWM Generation3 CH3
SH.S_TIM1_CH3.ConfNb=1
SH.S_TIM1_CH4.0=TIM1_CH4,PWM Generation4 CH4
SH.S_TIM1_CH4.ConfNb=1
TIM1.Channel-PWM\ Generation1\ CH1=TIM_CHANNEL_1
TIM1.Channel-PWM\ Generation2\ CH2=TIM_CHANNEL_2
TIM1.Channel-PWM\ Generation3\ CH3=TIM_CHANNEL_3
TIM1.Channel-PWM\ Generation4\ CH4=TIM_CHANNEL_4
TIM1.IPParameters=Channel-PWM Generation1 CH1,Channel-PWM Generation4 CH4,Period,OCIdleState_1,OCIdleState_4,Channel-PWM Generation2 CH2,Channel-PWM Generation3 CH3
TIM1.OCIdleState_1=TIM_OCIDLESTATE_SET
TIM1.OCIdleState_4=TIM_OCIDLESTATE_RESET
TIM1.Period=128-1
TIM2.IPParameters=Period
TIM2.Period=127
USART1.IPParameters=VirtualMode-Asynchronous
USART1.VirtualMode-Asynchronous=VM_ASYNC
USART3.IPParameters=VirtualMode-Asynchronous
USART3.VirtualMode-Asynchronous=VM_ASYNC
VP_SYS_VS_Systick.Mode=SysTick
VP_SYS_VS_Systick.Signal=SYS_VS_Systick
VP_TIM1_VS_ClockSourceINT.Mode=Internal
VP_TIM1_VS_ClockSourceINT.Signal=TIM1_VS_ClockSourceINT
VP_TIM2_VS_ClockSourceINT.Mode=Internal
VP_TIM2_VS_ClockSourceINT.Signal=TIM2_VS_ClockSourceINT
board=custom
